
Microsoft Visual Studio Solution File, Format Version 12.00
# Visual Studio Version 17
VisualStudioVersion = 17.10.35027.167
MinimumVisualStudioVersion = 10.0.40219.1
Project("{8BC9CEB8-8B4A-11D0-8D11-00A0C91BC942}") = "Banking_System", "Banking_System.vcxproj", "{75C84505-AEAE-4B5A-9946-3B1F5CB4FB0E}"
EndProject
Global
	GlobalSection(SolutionConfigurationPlatforms) = preSolution
		Debug|x64 = Debug|x64
		Debug|x86 = Debug|x86
		Release|x64 = Release|x64
		Release|x86 = Release|x86
	EndGlobalSection
	GlobalSection(ProjectConfigurationPlatforms) = postSolution
		{75C84505-AEAE-4B5A-9946-3B1F5CB4FB0E}.Debug|x64.ActiveCfg = Debug|x64
		{75C84505-AEAE-4B5A-9946-3B1F5CB4FB0E}.Debug|x64.Build.0 = Debug|x64
		{75C84505-AEAE-4B5A-9946-3B1F5CB4FB0E}.Debug|x86.ActiveCfg = Debug|Win32
		{75C84505-AEAE-4B5A-9946-3B1F5CB4FB0E}.Debug|x86.Build.0 = Debug|Win32
		{75C84505-AEAE-4B5A-9946-3B1F5CB4FB0E}.Release|x64.ActiveCfg = Release|x64
		{75C84505-AEAE-4B5A-9946-3B1F5CB4FB0E}.Release|x64.Build.0 = Release|x64
		{75C84505-AEAE-4B5A-9946-3B1F5CB4FB0E}.Release|x86.ActiveCfg = Release|Win32
		{75C84505-AEAE-4B5A-9946-3B1F5CB4FB0E}.Release|x86.Build.0 = Release|Win32
	EndGlobalSection
	GlobalSection(SolutionProperties) = preSolution
		HideSolutionNode = FALSE
	EndGlobalSection
	GlobalSection(ExtensibilityGlobals) = postSolution
		SolutionGuid = {9E395244-D6AC-4A69-BD94-E423408133B0}
	EndGlobalSection
EndGlobal
